
Microsoft Visual Studio Solution File, Format Version 12.00
# Visual Studio Version 17
VisualStudioVersion = 17.1.32421.90
MinimumVisualStudioVersion = 10.0.40219.1
Project("{9A19103F-16F7-4668-BE54-9A1E7A4F7556}") = "ProjectCrudWebApp", "ProjectCrudWebApp\ProjectCrudWebApp.csproj", "{696A335A-8C50-4D01-BC4D-F14E968E9156}"
EndProject
Global
	GlobalSection(SolutionConfigurationPlatforms) = preSolution
		Debug|Any CPU = Debug|Any CPU
		Release|Any CPU = Release|Any CPU
	EndGlobalSection
	GlobalSection(ProjectConfigurationPlatforms) = postSolution
		{696A335A-8C50-4D01-BC4D-F14E968E9156}.Debug|Any CPU.ActiveCfg = Debug|Any CPU
		{696A335A-8C50-4D01-BC4D-F14E968E9156}.Debug|Any CPU.Build.0 = Debug|Any CPU
		{696A335A-8C50-4D01-BC4D-F14E968E9156}.Release|Any CPU.ActiveCfg = Release|Any CPU
		{696A335A-8C50-4D01-BC4D-F14E968E9156}.Release|Any CPU.Build.0 = Release|Any CPU
	EndGlobalSection
	GlobalSection(SolutionProperties) = preSolution
		HideSolutionNode = FALSE
	EndGlobalSection
	GlobalSection(ExtensibilityGlobals) = postSolution
		SolutionGuid = {ABEC7606-D51E-4000-B676-31C38135D0AB}
	EndGlobalSection
EndGlobal
